
Microsoft Visual Studio Solution File, Format Version 12.00
# Visual Studio Version 17
VisualStudioVersion = 17.10.35013.160
MinimumVisualStudioVersion = 10.0.40219.1
Project("{9A19103F-16F7-4668-BE54-9A1E7A4F7556}") = "MouseTracker", "MouseTracker\MouseTracker.csproj", "{A6736FEF-ADCF-4199-821E-88F84A8A3D28}"
EndProject
Project("{9A19103F-16F7-4668-BE54-9A1E7A4F7556}") = "Shared", "Shared\Shared.csproj", "{E4D356FB-B1B3-46D4-ACB9-BCFB4EC0229C}"
EndProject
Project("{9A19103F-16F7-4668-BE54-9A1E7A4F7556}") = "MouseAnalyser", "MouseAnalyser\MouseAnalyser\MouseAnalyser.csproj", "{6D6F2C3F-1B74-454E-82F6-398AC7597F2B}"
EndProject
Project("{9A19103F-16F7-4668-BE54-9A1E7A4F7556}") = "MouseAnalyser.Client", "MouseAnalyser\MouseAnalyser.Client\MouseAnalyser.Client.csproj", "{6049331E-35BF-43B4-A3AA-5FC513662E1D}"
EndProject
Project("{2150E333-8FDC-42A3-9474-1A3956D46DE8}") = "Packages", "Packages", "{A832374F-E69B-4032-B3EA-19EECD421342}"
	ProjectSection(SolutionItems) = preProject
		Packages\PUBG.Analiser.dll = Packages\PUBG.Analiser.dll
	EndProjectSection
EndProject
Project("{9A19103F-16F7-4668-BE54-9A1E7A4F7556}") = "MouseAnalyser.DTOs", "MouseAnalyser.DTOs\MouseAnalyser.DTOs.csproj", "{09B4232B-E38A-494F-9578-A99B6147CADD}"
EndProject
Global
	GlobalSection(SolutionConfigurationPlatforms) = preSolution
		Debug|Any CPU = Debug|Any CPU
		Release|Any CPU = Release|Any CPU
	EndGlobalSection
	GlobalSection(ProjectConfigurationPlatforms) = postSolution
		{A6736FEF-ADCF-4199-821E-88F84A8A3D28}.Debug|Any CPU.ActiveCfg = Debug|Any CPU
		{A6736FEF-ADCF-4199-821E-88F84A8A3D28}.Debug|Any CPU.Build.0 = Debug|Any CPU
		{A6736FEF-ADCF-4199-821E-88F84A8A3D28}.Release|Any CPU.ActiveCfg = Release|Any CPU
		{A6736FEF-ADCF-4199-821E-88F84A8A3D28}.Release|Any CPU.Build.0 = Release|Any CPU
		{E4D356FB-B1B3-46D4-ACB9-BCFB4EC0229C}.Debug|Any CPU.ActiveCfg = Debug|Any CPU
		{E4D356FB-B1B3-46D4-ACB9-BCFB4EC0229C}.Debug|Any CPU.Build.0 = Debug|Any CPU
		{E4D356FB-B1B3-46D4-ACB9-BCFB4EC0229C}.Release|Any CPU.ActiveCfg = Release|Any CPU
		{E4D356FB-B1B3-46D4-ACB9-BCFB4EC0229C}.Release|Any CPU.Build.0 = Release|Any CPU
		{6D6F2C3F-1B74-454E-82F6-398AC7597F2B}.Debug|Any CPU.ActiveCfg = Debug|Any CPU
		{6D6F2C3F-1B74-454E-82F6-398AC7597F2B}.Debug|Any CPU.Build.0 = Debug|Any CPU
		{6D6F2C3F-1B74-454E-82F6-398AC7597F2B}.Release|Any CPU.ActiveCfg = Release|Any CPU
		{6D6F2C3F-1B74-454E-82F6-398AC7597F2B}.Release|Any CPU.Build.0 = Release|Any CPU
		{6049331E-35BF-43B4-A3AA-5FC513662E1D}.Debug|Any CPU.ActiveCfg = Debug|Any CPU
		{6049331E-35BF-43B4-A3AA-5FC513662E1D}.Debug|Any CPU.Build.0 = Debug|Any CPU
		{6049331E-35BF-43B4-A3AA-5FC513662E1D}.Release|Any CPU.ActiveCfg = Release|Any CPU
		{6049331E-35BF-43B4-A3AA-5FC513662E1D}.Release|Any CPU.Build.0 = Release|Any CPU
		{09B4232B-E38A-494F-9578-A99B6147CADD}.Debug|Any CPU.ActiveCfg = Debug|Any CPU
		{09B4232B-E38A-494F-9578-A99B6147CADD}.Debug|Any CPU.Build.0 = Debug|Any CPU
		{09B4232B-E38A-494F-9578-A99B6147CADD}.Release|Any CPU.ActiveCfg = Release|Any CPU
		{09B4232B-E38A-494F-9578-A99B6147CADD}.Release|Any CPU.Build.0 = Release|Any CPU
	EndGlobalSection
	GlobalSection(SolutionProperties) = preSolution
		HideSolutionNode = FALSE
	EndGlobalSection
	GlobalSection(ExtensibilityGlobals) = postSolution
		SolutionGuid = {F263535D-8155-4BFF-8413-31C2907BE745}
	EndGlobalSection
EndGlobal
